
Microsoft Visual Studio Solution File, Format Version 12.00
# Visual Studio Version 17
VisualStudioVersion = 17.14.36623.8 d17.14
MinimumVisualStudioVersion = 10.0.40219.1
Project("{FAE04EC0-301F-11D3-BF4B-00C04F79EFBC}") = "ProyectoParqueo", "ProyectoParqueo.csproj", "{27DE0D75-3A0F-43A3-9E50-F5D259956F98}"
EndProject
Global
	GlobalSection(SolutionConfigurationPlatforms) = preSolution
		Debug|Any CPU = Debug|Any CPU
		Release|Any CPU = Release|Any CPU
	EndGlobalSection
	GlobalSection(ProjectConfigurationPlatforms) = postSolution
		{27DE0D75-3A0F-43A3-9E50-F5D259956F98}.Debug|Any CPU.ActiveCfg = Debug|Any CPU
		{27DE0D75-3A0F-43A3-9E50-F5D259956F98}.Debug|Any CPU.Build.0 = Debug|Any CPU
		{27DE0D75-3A0F-43A3-9E50-F5D259956F98}.Release|Any CPU.ActiveCfg = Release|Any CPU
		{27DE0D75-3A0F-43A3-9E50-F5D259956F98}.Release|Any CPU.Build.0 = Release|Any CPU
	EndGlobalSection
	GlobalSection(SolutionProperties) = preSolution
		HideSolutionNode = FALSE
	EndGlobalSection
	GlobalSection(ExtensibilityGlobals) = postSolution
		SolutionGuid = {31A4F1A7-CD99-4A26-91FD-87C9415AC362}
	EndGlobalSection
EndGlobal
